
Microsoft Visual Studio Solution File, Format Version 12.00
# Visual Studio Version 17
VisualStudioVersion = 17.7.34221.43
MinimumVisualStudioVersion = 10.0.40219.1
Project("{2150E333-8FDC-42A3-9474-1A3956D46DE8}") = "Demos", "Demos", "{C605B664-92F5-4B64-B69A-6B921A9A704F}"
EndProject
Project("{2150E333-8FDC-42A3-9474-1A3956D46DE8}") = "Solution Items", "Solution Items", "{459D06F9-2184-4B7D-AF08-62B00D11EC2B}"
	ProjectSection(SolutionItems) = preProject
		README.md = README.md
	EndProjectSection
EndProject
Project("{9A19103F-16F7-4668-BE54-9A1E7A4F7556}") = "WheelPickerMauiDemo", "Demos\WheelPickerMauiDemo\WheelPickerMauiDemo.csproj", "{AD6C8BBB-65CC-4892-BA11-79109C1191BB}"
EndProject
Global
	GlobalSection(SolutionConfigurationPlatforms) = preSolution
		Ad-Hoc|Any CPU = Ad-Hoc|Any CPU
		Ad-Hoc|ARM = Ad-Hoc|ARM
		Ad-Hoc|iPhone = Ad-Hoc|iPhone
		Ad-Hoc|iPhoneSimulator = Ad-Hoc|iPhoneSimulator
		Ad-Hoc|x64 = Ad-Hoc|x64
		Ad-Hoc|x86 = Ad-Hoc|x86
		AppStore|Any CPU = AppStore|Any CPU
		AppStore|ARM = AppStore|ARM
		AppStore|iPhone = AppStore|iPhone
		AppStore|iPhoneSimulator = AppStore|iPhoneSimulator
		AppStore|x64 = AppStore|x64
		AppStore|x86 = AppStore|x86
		Debug|Any CPU = Debug|Any CPU
		Debug|ARM = Debug|ARM
		Debug|iPhone = Debug|iPhone
		Debug|iPhoneSimulator = Debug|iPhoneSimulator
		Debug|x64 = Debug|x64
		Debug|x86 = Debug|x86
		Release|Any CPU = Release|Any CPU
		Release|ARM = Release|ARM
		Release|iPhone = Release|iPhone
		Release|iPhoneSimulator = Release|iPhoneSimulator
		Release|x64 = Release|x64
		Release|x86 = Release|x86
		ReleaseTrial|Any CPU = ReleaseTrial|Any CPU
		ReleaseTrial|ARM = ReleaseTrial|ARM
		ReleaseTrial|iPhone = ReleaseTrial|iPhone
		ReleaseTrial|iPhoneSimulator = ReleaseTrial|iPhoneSimulator
		ReleaseTrial|x64 = ReleaseTrial|x64
		ReleaseTrial|x86 = ReleaseTrial|x86
	EndGlobalSection
	GlobalSection(ProjectConfigurationPlatforms) = postSolution
		{AD6C8BBB-65CC-4892-BA11-79109C1191BB}.Ad-Hoc|Any CPU.ActiveCfg = Debug|Any CPU
		{AD6C8BBB-65CC-4892-BA11-79109C1191BB}.Ad-Hoc|Any CPU.Build.0 = Debug|Any CPU
		{AD6C8BBB-65CC-4892-BA11-79109C1191BB}.Ad-Hoc|Any CPU.Deploy.0 = Debug|Any CPU
		{AD6C8BBB-65CC-4892-BA11-79109C1191BB}.Ad-Hoc|ARM.ActiveCfg = Debug|Any CPU
		{AD6C8BBB-65CC-4892-BA11-79109C1191BB}.Ad-Hoc|ARM.Build.0 = Debug|Any CPU
		{AD6C8BBB-65CC-4892-BA11-79109C1191BB}.Ad-Hoc|ARM.Deploy.0 = Debug|Any CPU
		{AD6C8BBB-65CC-4892-BA11-79109C1191BB}.Ad-Hoc|iPhone.ActiveCfg = Debug|Any CPU
		{AD6C8BBB-65CC-4892-BA11-79109C1191BB}.Ad-Hoc|iPhone.Build.0 = Debug|Any CPU
		{AD6C8BBB-65CC-4892-BA11-79109C1191BB}.Ad-Hoc|iPhone.Deploy.0 = Debug|Any CPU
		{AD6C8BBB-65CC-4892-BA11-79109C1191BB}.Ad-Hoc|iPhoneSimulator.ActiveCfg = Debug|Any CPU
		{AD6C8BBB-65CC-4892-BA11-79109C1191BB}.Ad-Hoc|iPhoneSimulator.Build.0 = Debug|Any CPU
		{AD6C8BBB-65CC-4892-BA11-79109C1191BB}.Ad-Hoc|iPhoneSimulator.Deploy.0 = Debug|Any CPU
		{AD6C8BBB-65CC-4892-BA11-79109C1191BB}.Ad-Hoc|x64.ActiveCfg = Debug|Any CPU
		{AD6C8BBB-65CC-4892-BA11-79109C1191BB}.Ad-Hoc|x64.Build.0 = Debug|Any CPU
		{AD6C8BBB-65CC-4892-BA11-79109C1191BB}.Ad-Hoc|x64.Deploy.0 = Debug|Any CPU
		{AD6C8BBB-65CC-4892-BA11-79109C1191BB}.Ad-Hoc|x86.ActiveCfg = Debug|Any CPU
		{AD6C8BBB-65CC-4892-BA11-79109C1191BB}.Ad-Hoc|x86.Build.0 = Debug|Any CPU
		{AD6C8BBB-65CC-4892-BA11-79109C1191BB}.Ad-Hoc|x86.Deploy.0 = Debug|Any CPU
		{AD6C8BBB-65CC-4892-BA11-79109C1191BB}.AppStore|Any CPU.ActiveCfg = Debug|Any CPU
		{AD6C8BBB-65CC-4892-BA11-79109C1191BB}.AppStore|Any CPU.Build.0 = Debug|Any CPU
		{AD6C8BBB-65CC-4892-BA11-79109C1191BB}.AppStore|Any CPU.Deploy.0 = Debug|Any CPU
		{AD6C8BBB-65CC-4892-BA11-79109C1191BB}.AppStore|ARM.ActiveCfg = Debug|Any CPU
		{AD6C8BBB-65CC-4892-BA11-79109C1191BB}.AppStore|ARM.Build.0 = Debug|Any CPU
		{AD6C8BBB-65CC-4892-BA11-79109C1191BB}.AppStore|ARM.Deploy.0 = Debug|Any CPU
		{AD6C8BBB-65CC-4892-BA11-79109C1191BB}.AppStore|iPhone.ActiveCfg = Debug|Any CPU
		{AD6C8BBB-65CC-4892-BA11-79109C1191BB}.AppStore|iPhone.Build.0 = Debug|Any CPU
		{AD6C8BBB-65CC-4892-BA11-79109C1191BB}.AppStore|iPhone.Deploy.0 = Debug|Any CPU
		{AD6C8BBB-65CC-4892-BA11-79109C1191BB}.AppStore|iPhoneSimulator.ActiveCfg = Debug|Any CPU
		{AD6C8BBB-65CC-4892-BA11-79109C1191BB}.AppStore|iPhoneSimulator.Build.0 = Debug|Any CPU
		{AD6C8BBB-65CC-4892-BA11-79109C1191BB}.AppStore|iPhoneSimulator.Deploy.0 = Debug|Any CPU
		{AD6C8BBB-65CC-4892-BA11-79109C1191BB}.AppStore|x64.ActiveCfg = Debug|Any CPU
		{AD6C8BBB-65CC-4892-BA11-79109C1191BB}.AppStore|x64.Build.0 = Debug|Any CPU
		{AD6C8BBB-65CC-4892-BA11-79109C1191BB}.AppStore|x64.Deploy.0 = Debug|Any CPU
		{AD6C8BBB-65CC-4892-BA11-79109C1191BB}.AppStore|x86.ActiveCfg = Debug|Any CPU
		{AD6C8BBB-65CC-4892-BA11-79109C1191BB}.AppStore|x86.Build.0 = Debug|Any CPU
		{AD6C8BBB-65CC-4892-BA11-79109C1191BB}.AppStore|x86.Deploy.0 = Debug|Any CPU
		{AD6C8BBB-65CC-4892-BA11-79109C1191BB}.Debug|Any CPU.ActiveCfg = Debug|Any CPU
		{AD6C8BBB-65CC-4892-BA11-79109C1191BB}.Debug|Any CPU.Build.0 = Debug|Any CPU
		{AD6C8BBB-65CC-4892-BA11-79109C1191BB}.Debug|Any CPU.Deploy.0 = Debug|Any CPU
		{AD6C8BBB-65CC-4892-BA11-79109C1191BB}.Debug|ARM.ActiveCfg = Debug|Any CPU
		{AD6C8BBB-65CC-4892-BA11-79109C1191BB}.Debug|ARM.Build.0 = Debug|Any CPU
		{AD6C8BBB-65CC-4892-BA11-79109C1191BB}.Debug|ARM.Deploy.0 = Debug|Any CPU
		{AD6C8BBB-65CC-4892-BA11-79109C1191BB}.Debug|iPhone.ActiveCfg = Debug|Any CPU
		{AD6C8BBB-65CC-4892-BA11-79109C1191BB}.Debug|iPhone.Build.0 = Debug|Any CPU
		{AD6C8BBB-65CC-4892-BA11-79109C1191BB}.Debug|iPhone.Deploy.0 = Debug|Any CPU
		{AD6C8BBB-65CC-4892-BA11-79109C1191BB}.Debug|iPhoneSimulator.ActiveCfg = Debug|Any CPU
		{AD6C8BBB-65CC-4892-BA11-79109C1191BB}.Debug|iPhoneSimulator.Build.0 = Debug|Any CPU
		{AD6C8BBB-65CC-4892-BA11-79109C1191BB}.Debug|iPhoneSimulator.Deploy.0 = Debug|Any CPU
		{AD6C8BBB-65CC-4892-BA11-79109C1191BB}.Debug|x64.ActiveCfg = Debug|Any CPU
		{AD6C8BBB-65CC-4892-BA11-79109C1191BB}.Debug|x64.Build.0 = Debug|Any CPU
		{AD6C8BBB-65CC-4892-BA11-79109C1191BB}.Debug|x64.Deploy.0 = Debug|Any CPU
		{AD6C8BBB-65CC-4892-BA11-79109C1191BB}.Debug|x86.ActiveCfg = Debug|Any CPU
		{AD6C8BBB-65CC-4892-BA11-79109C1191BB}.Debug|x86.Build.0 = Debug|Any CPU
		{AD6C8BBB-65CC-4892-BA11-79109C1191BB}.Debug|x86.Deploy.0 = Debug|Any CPU
		{AD6C8BBB-65CC-4892-BA11-79109C1191BB}.Release|Any CPU.ActiveCfg = Release|Any CPU
		{AD6C8BBB-65CC-4892-BA11-79109C1191BB}.Release|Any CPU.Build.0 = Release|Any CPU
		{AD6C8BBB-65CC-4892-BA11-79109C1191BB}.Release|Any CPU.Deploy.0 = Release|Any CPU
		{AD6C8BBB-65CC-4892-BA11-79109C1191BB}.Release|ARM.ActiveCfg = Release|Any CPU
		{AD6C8BBB-65CC-4892-BA11-79109C1191BB}.Release|ARM.Build.0 = Release|Any CPU
		{AD6C8BBB-65CC-4892-BA11-79109C1191BB}.Release|ARM.Deploy.0 = Release|Any CPU
		{AD6C8BBB-65CC-4892-BA11-79109C1191BB}.Release|iPhone.ActiveCfg = Release|Any CPU
		{AD6C8BBB-65CC-4892-BA11-79109C1191BB}.Release|iPhone.Build.0 = Release|Any CPU
		{AD6C8BBB-65CC-4892-BA11-79109C1191BB}.Release|iPhone.Deploy.0 = Release|Any CPU
		{AD6C8BBB-65CC-4892-BA11-79109C1191BB}.Release|iPhoneSimulator.ActiveCfg = Release|Any CPU
		{AD6C8BBB-65CC-4892-BA11-79109C1191BB}.Release|iPhoneSimulator.Build.0 = Release|Any CPU
		{AD6C8BBB-65CC-4892-BA11-79109C1191BB}.Release|iPhoneSimulator.Deploy.0 = Release|Any CPU
		{AD6C8BBB-65CC-4892-BA11-79109C1191BB}.Release|x64.ActiveCfg = Release|Any CPU
		{AD6C8BBB-65CC-4892-BA11-79109C1191BB}.Release|x64.Build.0 = Release|Any CPU
		{AD6C8BBB-65CC-4892-BA11-79109C1191BB}.Release|x64.Deploy.0 = Release|Any CPU
		{AD6C8BBB-65CC-4892-BA11-79109C1191BB}.Release|x86.ActiveCfg = Release|Any CPU
		{AD6C8BBB-65CC-4892-BA11-79109C1191BB}.Release|x86.Build.0 = Release|Any CPU
		{AD6C8BBB-65CC-4892-BA11-79109C1191BB}.Release|x86.Deploy.0 = Release|Any CPU
		{AD6C8BBB-65CC-4892-BA11-79109C1191BB}.ReleaseTrial|Any CPU.ActiveCfg = Release|Any CPU
		{AD6C8BBB-65CC-4892-BA11-79109C1191BB}.ReleaseTrial|Any CPU.Build.0 = Release|Any CPU
		{AD6C8BBB-65CC-4892-BA11-79109C1191BB}.ReleaseTrial|Any CPU.Deploy.0 = Release|Any CPU
		{AD6C8BBB-65CC-4892-BA11-79109C1191BB}.ReleaseTrial|ARM.ActiveCfg = Release|Any CPU
		{AD6C8BBB-65CC-4892-BA11-79109C1191BB}.ReleaseTrial|ARM.Build.0 = Release|Any CPU
		{AD6C8BBB-65CC-4892-BA11-79109C1191BB}.ReleaseTrial|ARM.Deploy.0 = Release|Any CPU
		{AD6C8BBB-65CC-4892-BA11-79109C1191BB}.ReleaseTrial|iPhone.ActiveCfg = Release|Any CPU
		{AD6C8BBB-65CC-4892-BA11-79109C1191BB}.ReleaseTrial|iPhone.Build.0 = Release|Any CPU
		{AD6C8BBB-65CC-4892-BA11-79109C1191BB}.ReleaseTrial|iPhone.Deploy.0 = Release|Any CPU
		{AD6C8BBB-65CC-4892-BA11-79109C1191BB}.ReleaseTrial|iPhoneSimulator.ActiveCfg = Release|Any CPU
		{AD6C8BBB-65CC-4892-BA11-79109C1191BB}.ReleaseTrial|iPhoneSimulator.Build.0 = Release|Any CPU
		{AD6C8BBB-65CC-4892-BA11-79109C1191BB}.ReleaseTrial|iPhoneSimulator.Deploy.0 = Release|Any CPU
		{AD6C8BBB-65CC-4892-BA11-79109C1191BB}.ReleaseTrial|x64.ActiveCfg = Release|Any CPU
		{AD6C8BBB-65CC-4892-BA11-79109C1191BB}.ReleaseTrial|x64.Build.0 = Release|Any CPU
		{AD6C8BBB-65CC-4892-BA11-79109C1191BB}.ReleaseTrial|x64.Deploy.0 = Release|Any CPU
		{AD6C8BBB-65CC-4892-BA11-79109C1191BB}.ReleaseTrial|x86.ActiveCfg = Release|Any CPU
		{AD6C8BBB-65CC-4892-BA11-79109C1191BB}.ReleaseTrial|x86.Build.0 = Release|Any CPU
		{AD6C8BBB-65CC-4892-BA11-79109C1191BB}.ReleaseTrial|x86.Deploy.0 = Release|Any CPU
	EndGlobalSection
	GlobalSection(SolutionProperties) = preSolution
		HideSolutionNode = FALSE
	EndGlobalSection
	GlobalSection(NestedProjects) = preSolution
		{AD6C8BBB-65CC-4892-BA11-79109C1191BB} = {C605B664-92F5-4B64-B69A-6B921A9A704F}
	EndGlobalSection
	GlobalSection(ExtensibilityGlobals) = postSolution
		SolutionGuid = {B4CF5BDC-0CAA-4B6F-B1F7-9001A9B2E058}
	EndGlobalSection
EndGlobal
