
Microsoft Visual Studio Solution File, Format Version 12.00
# Visual Studio 15
VisualStudioVersion = 15.0.27004.2005
MinimumVisualStudioVersion = 10.0.40219.1
Project("{FAE04EC0-301F-11D3-BF4B-00C04F79EFBC}") = "WheelPickerDemo.Droid", "Demos\WheelPickerDemo.Droid\WheelPickerDemo.Droid.csproj", "{AA02DFC7-7449-4ADC-82A0-CB2FD7716327}"
EndProject
Project("{2150E333-8FDC-42A3-9474-1A3956D46DE8}") = "Demos", "Demos", "{C605B664-92F5-4B64-B69A-6B921A9A704F}"
EndProject
Project("{2150E333-8FDC-42A3-9474-1A3956D46DE8}") = "Forms", "Forms", "{7D8C4EBC-98C8-42FF-BA7D-B67908A4A6DB}"
EndProject
Project("{FAE04EC0-301F-11D3-BF4B-00C04F79EFBC}") = "WheelPickerDemo.Forms.Android", "Demos\WheelPickerDemo.Forms\WheelPickerDemo.Forms.Android\WheelPickerDemo.Forms.Android.csproj", "{E9384D1A-85D7-46B1-957A-C359638501F9}"
EndProject
Project("{FAE04EC0-301F-11D3-BF4B-00C04F79EFBC}") = "WheelPickerDemo.Forms", "Demos\WheelPickerDemo.Forms\WheelPickerDemo.Forms\WheelPickerDemo.Forms.csproj", "{F8F3AE7F-60BF-40A3-92C0-1DBC5508850E}"
EndProject
Project("{FAE04EC0-301F-11D3-BF4B-00C04F79EFBC}") = "WheelPickerDemo.Forms.iOS", "Demos\WheelPickerDemo.Forms\WheelPickerDemo.Forms.iOS\WheelPickerDemo.Forms.iOS.csproj", "{36E4B1F7-8024-4597-B763-B32610C057F2}"
EndProject
Project("{2150E333-8FDC-42A3-9474-1A3956D46DE8}") = "Solution Items", "Solution Items", "{459D06F9-2184-4B7D-AF08-62B00D11EC2B}"
	ProjectSection(SolutionItems) = preProject
		README.md = README.md
	EndProjectSection
EndProject
Global
	GlobalSection(SolutionConfigurationPlatforms) = preSolution
		Ad-Hoc|Any CPU = Ad-Hoc|Any CPU
		Ad-Hoc|ARM = Ad-Hoc|ARM
		Ad-Hoc|iPhone = Ad-Hoc|iPhone
		Ad-Hoc|iPhoneSimulator = Ad-Hoc|iPhoneSimulator
		Ad-Hoc|x64 = Ad-Hoc|x64
		Ad-Hoc|x86 = Ad-Hoc|x86
		AppStore|Any CPU = AppStore|Any CPU
		AppStore|ARM = AppStore|ARM
		AppStore|iPhone = AppStore|iPhone
		AppStore|iPhoneSimulator = AppStore|iPhoneSimulator
		AppStore|x64 = AppStore|x64
		AppStore|x86 = AppStore|x86
		Debug|Any CPU = Debug|Any CPU
		Debug|ARM = Debug|ARM
		Debug|iPhone = Debug|iPhone
		Debug|iPhoneSimulator = Debug|iPhoneSimulator
		Debug|x64 = Debug|x64
		Debug|x86 = Debug|x86
		Release|Any CPU = Release|Any CPU
		Release|ARM = Release|ARM
		Release|iPhone = Release|iPhone
		Release|iPhoneSimulator = Release|iPhoneSimulator
		Release|x64 = Release|x64
		Release|x86 = Release|x86
		ReleaseTrial|Any CPU = ReleaseTrial|Any CPU
		ReleaseTrial|ARM = ReleaseTrial|ARM
		ReleaseTrial|iPhone = ReleaseTrial|iPhone
		ReleaseTrial|iPhoneSimulator = ReleaseTrial|iPhoneSimulator
		ReleaseTrial|x64 = ReleaseTrial|x64
		ReleaseTrial|x86 = ReleaseTrial|x86
	EndGlobalSection
	GlobalSection(ProjectConfigurationPlatforms) = postSolution
		{AA02DFC7-7449-4ADC-82A0-CB2FD7716327}.Ad-Hoc|Any CPU.ActiveCfg = Release|Any CPU
		{AA02DFC7-7449-4ADC-82A0-CB2FD7716327}.Ad-Hoc|Any CPU.Build.0 = Release|Any CPU
		{AA02DFC7-7449-4ADC-82A0-CB2FD7716327}.Ad-Hoc|Any CPU.Deploy.0 = Release|Any CPU
		{AA02DFC7-7449-4ADC-82A0-CB2FD7716327}.Ad-Hoc|ARM.ActiveCfg = Release|Any CPU
		{AA02DFC7-7449-4ADC-82A0-CB2FD7716327}.Ad-Hoc|ARM.Build.0 = Release|Any CPU
		{AA02DFC7-7449-4ADC-82A0-CB2FD7716327}.Ad-Hoc|ARM.Deploy.0 = Release|Any CPU
		{AA02DFC7-7449-4ADC-82A0-CB2FD7716327}.Ad-Hoc|iPhone.ActiveCfg = Release|Any CPU
		{AA02DFC7-7449-4ADC-82A0-CB2FD7716327}.Ad-Hoc|iPhone.Build.0 = Release|Any CPU
		{AA02DFC7-7449-4ADC-82A0-CB2FD7716327}.Ad-Hoc|iPhone.Deploy.0 = Release|Any CPU
		{AA02DFC7-7449-4ADC-82A0-CB2FD7716327}.Ad-Hoc|iPhoneSimulator.ActiveCfg = Release|Any CPU
		{AA02DFC7-7449-4ADC-82A0-CB2FD7716327}.Ad-Hoc|iPhoneSimulator.Build.0 = Release|Any CPU
		{AA02DFC7-7449-4ADC-82A0-CB2FD7716327}.Ad-Hoc|iPhoneSimulator.Deploy.0 = Release|Any CPU
		{AA02DFC7-7449-4ADC-82A0-CB2FD7716327}.Ad-Hoc|x64.ActiveCfg = Release|Any CPU
		{AA02DFC7-7449-4ADC-82A0-CB2FD7716327}.Ad-Hoc|x64.Build.0 = Release|Any CPU
		{AA02DFC7-7449-4ADC-82A0-CB2FD7716327}.Ad-Hoc|x64.Deploy.0 = Release|Any CPU
		{AA02DFC7-7449-4ADC-82A0-CB2FD7716327}.Ad-Hoc|x86.ActiveCfg = Release|Any CPU
		{AA02DFC7-7449-4ADC-82A0-CB2FD7716327}.Ad-Hoc|x86.Build.0 = Release|Any CPU
		{AA02DFC7-7449-4ADC-82A0-CB2FD7716327}.Ad-Hoc|x86.Deploy.0 = Release|Any CPU
		{AA02DFC7-7449-4ADC-82A0-CB2FD7716327}.AppStore|Any CPU.ActiveCfg = Release|Any CPU
		{AA02DFC7-7449-4ADC-82A0-CB2FD7716327}.AppStore|Any CPU.Build.0 = Release|Any CPU
		{AA02DFC7-7449-4ADC-82A0-CB2FD7716327}.AppStore|Any CPU.Deploy.0 = Release|Any CPU
		{AA02DFC7-7449-4ADC-82A0-CB2FD7716327}.AppStore|ARM.ActiveCfg = Release|Any CPU
		{AA02DFC7-7449-4ADC-82A0-CB2FD7716327}.AppStore|ARM.Build.0 = Release|Any CPU
		{AA02DFC7-7449-4ADC-82A0-CB2FD7716327}.AppStore|ARM.Deploy.0 = Release|Any CPU
		{AA02DFC7-7449-4ADC-82A0-CB2FD7716327}.AppStore|iPhone.ActiveCfg = Release|Any CPU
		{AA02DFC7-7449-4ADC-82A0-CB2FD7716327}.AppStore|iPhone.Build.0 = Release|Any CPU
		{AA02DFC7-7449-4ADC-82A0-CB2FD7716327}.AppStore|iPhone.Deploy.0 = Release|Any CPU
		{AA02DFC7-7449-4ADC-82A0-CB2FD7716327}.AppStore|iPhoneSimulator.ActiveCfg = Release|Any CPU
		{AA02DFC7-7449-4ADC-82A0-CB2FD7716327}.AppStore|iPhoneSimulator.Build.0 = Release|Any CPU
		{AA02DFC7-7449-4ADC-82A0-CB2FD7716327}.AppStore|iPhoneSimulator.Deploy.0 = Release|Any CPU
		{AA02DFC7-7449-4ADC-82A0-CB2FD7716327}.AppStore|x64.ActiveCfg = Release|Any CPU
		{AA02DFC7-7449-4ADC-82A0-CB2FD7716327}.AppStore|x64.Build.0 = Release|Any CPU
		{AA02DFC7-7449-4ADC-82A0-CB2FD7716327}.AppStore|x64.Deploy.0 = Release|Any CPU
		{AA02DFC7-7449-4ADC-82A0-CB2FD7716327}.AppStore|x86.ActiveCfg = Release|Any CPU
		{AA02DFC7-7449-4ADC-82A0-CB2FD7716327}.AppStore|x86.Build.0 = Release|Any CPU
		{AA02DFC7-7449-4ADC-82A0-CB2FD7716327}.AppStore|x86.Deploy.0 = Release|Any CPU
		{AA02DFC7-7449-4ADC-82A0-CB2FD7716327}.Debug|Any CPU.ActiveCfg = Debug|Any CPU
		{AA02DFC7-7449-4ADC-82A0-CB2FD7716327}.Debug|Any CPU.Build.0 = Debug|Any CPU
		{AA02DFC7-7449-4ADC-82A0-CB2FD7716327}.Debug|Any CPU.Deploy.0 = Debug|Any CPU
		{AA02DFC7-7449-4ADC-82A0-CB2FD7716327}.Debug|ARM.ActiveCfg = Debug|Any CPU
		{AA02DFC7-7449-4ADC-82A0-CB2FD7716327}.Debug|ARM.Build.0 = Debug|Any CPU
		{AA02DFC7-7449-4ADC-82A0-CB2FD7716327}.Debug|ARM.Deploy.0 = Debug|Any CPU
		{AA02DFC7-7449-4ADC-82A0-CB2FD7716327}.Debug|iPhone.ActiveCfg = Debug|Any CPU
		{AA02DFC7-7449-4ADC-82A0-CB2FD7716327}.Debug|iPhone.Build.0 = Debug|Any CPU
		{AA02DFC7-7449-4ADC-82A0-CB2FD7716327}.Debug|iPhone.Deploy.0 = Debug|Any CPU
		{AA02DFC7-7449-4ADC-82A0-CB2FD7716327}.Debug|iPhoneSimulator.ActiveCfg = Debug|Any CPU
		{AA02DFC7-7449-4ADC-82A0-CB2FD7716327}.Debug|iPhoneSimulator.Build.0 = Debug|Any CPU
		{AA02DFC7-7449-4ADC-82A0-CB2FD7716327}.Debug|iPhoneSimulator.Deploy.0 = Debug|Any CPU
		{AA02DFC7-7449-4ADC-82A0-CB2FD7716327}.Debug|x64.ActiveCfg = Debug|Any CPU
		{AA02DFC7-7449-4ADC-82A0-CB2FD7716327}.Debug|x64.Build.0 = Debug|Any CPU
		{AA02DFC7-7449-4ADC-82A0-CB2FD7716327}.Debug|x64.Deploy.0 = Debug|Any CPU
		{AA02DFC7-7449-4ADC-82A0-CB2FD7716327}.Debug|x86.ActiveCfg = Debug|Any CPU
		{AA02DFC7-7449-4ADC-82A0-CB2FD7716327}.Debug|x86.Build.0 = Debug|Any CPU
		{AA02DFC7-7449-4ADC-82A0-CB2FD7716327}.Debug|x86.Deploy.0 = Debug|Any CPU
		{AA02DFC7-7449-4ADC-82A0-CB2FD7716327}.Release|Any CPU.ActiveCfg = Release|Any CPU
		{AA02DFC7-7449-4ADC-82A0-CB2FD7716327}.Release|Any CPU.Build.0 = Release|Any CPU
		{AA02DFC7-7449-4ADC-82A0-CB2FD7716327}.Release|Any CPU.Deploy.0 = Release|Any CPU
		{AA02DFC7-7449-4ADC-82A0-CB2FD7716327}.Release|ARM.ActiveCfg = Release|Any CPU
		{AA02DFC7-7449-4ADC-82A0-CB2FD7716327}.Release|ARM.Build.0 = Release|Any CPU
		{AA02DFC7-7449-4ADC-82A0-CB2FD7716327}.Release|ARM.Deploy.0 = Release|Any CPU
		{AA02DFC7-7449-4ADC-82A0-CB2FD7716327}.Release|iPhone.ActiveCfg = Release|Any CPU
		{AA02DFC7-7449-4ADC-82A0-CB2FD7716327}.Release|iPhone.Build.0 = Release|Any CPU
		{AA02DFC7-7449-4ADC-82A0-CB2FD7716327}.Release|iPhone.Deploy.0 = Release|Any CPU
		{AA02DFC7-7449-4ADC-82A0-CB2FD7716327}.Release|iPhoneSimulator.ActiveCfg = Release|Any CPU
		{AA02DFC7-7449-4ADC-82A0-CB2FD7716327}.Release|iPhoneSimulator.Build.0 = Release|Any CPU
		{AA02DFC7-7449-4ADC-82A0-CB2FD7716327}.Release|iPhoneSimulator.Deploy.0 = Release|Any CPU
		{AA02DFC7-7449-4ADC-82A0-CB2FD7716327}.Release|x64.ActiveCfg = Release|Any CPU
		{AA02DFC7-7449-4ADC-82A0-CB2FD7716327}.Release|x64.Build.0 = Release|Any CPU
		{AA02DFC7-7449-4ADC-82A0-CB2FD7716327}.Release|x64.Deploy.0 = Release|Any CPU
		{AA02DFC7-7449-4ADC-82A0-CB2FD7716327}.Release|x86.ActiveCfg = Release|Any CPU
		{AA02DFC7-7449-4ADC-82A0-CB2FD7716327}.Release|x86.Build.0 = Release|Any CPU
		{AA02DFC7-7449-4ADC-82A0-CB2FD7716327}.Release|x86.Deploy.0 = Release|Any CPU
		{AA02DFC7-7449-4ADC-82A0-CB2FD7716327}.ReleaseTrial|Any CPU.ActiveCfg = Release|Any CPU
		{AA02DFC7-7449-4ADC-82A0-CB2FD7716327}.ReleaseTrial|Any CPU.Build.0 = Release|Any CPU
		{AA02DFC7-7449-4ADC-82A0-CB2FD7716327}.ReleaseTrial|Any CPU.Deploy.0 = Release|Any CPU
		{AA02DFC7-7449-4ADC-82A0-CB2FD7716327}.ReleaseTrial|ARM.ActiveCfg = Release|Any CPU
		{AA02DFC7-7449-4ADC-82A0-CB2FD7716327}.ReleaseTrial|ARM.Build.0 = Release|Any CPU
		{AA02DFC7-7449-4ADC-82A0-CB2FD7716327}.ReleaseTrial|ARM.Deploy.0 = Release|Any CPU
		{AA02DFC7-7449-4ADC-82A0-CB2FD7716327}.ReleaseTrial|iPhone.ActiveCfg = Release|Any CPU
		{AA02DFC7-7449-4ADC-82A0-CB2FD7716327}.ReleaseTrial|iPhone.Build.0 = Release|Any CPU
		{AA02DFC7-7449-4ADC-82A0-CB2FD7716327}.ReleaseTrial|iPhone.Deploy.0 = Release|Any CPU
		{AA02DFC7-7449-4ADC-82A0-CB2FD7716327}.ReleaseTrial|iPhoneSimulator.ActiveCfg = Release|Any CPU
		{AA02DFC7-7449-4ADC-82A0-CB2FD7716327}.ReleaseTrial|iPhoneSimulator.Build.0 = Release|Any CPU
		{AA02DFC7-7449-4ADC-82A0-CB2FD7716327}.ReleaseTrial|iPhoneSimulator.Deploy.0 = Release|Any CPU
		{AA02DFC7-7449-4ADC-82A0-CB2FD7716327}.ReleaseTrial|x64.ActiveCfg = Release|Any CPU
		{AA02DFC7-7449-4ADC-82A0-CB2FD7716327}.ReleaseTrial|x64.Build.0 = Release|Any CPU
		{AA02DFC7-7449-4ADC-82A0-CB2FD7716327}.ReleaseTrial|x64.Deploy.0 = Release|Any CPU
		{AA02DFC7-7449-4ADC-82A0-CB2FD7716327}.ReleaseTrial|x86.ActiveCfg = Release|Any CPU
		{AA02DFC7-7449-4ADC-82A0-CB2FD7716327}.ReleaseTrial|x86.Build.0 = Release|Any CPU
		{AA02DFC7-7449-4ADC-82A0-CB2FD7716327}.ReleaseTrial|x86.Deploy.0 = Release|Any CPU
		{E9384D1A-85D7-46B1-957A-C359638501F9}.Ad-Hoc|Any CPU.ActiveCfg = Release|Any CPU
		{E9384D1A-85D7-46B1-957A-C359638501F9}.Ad-Hoc|Any CPU.Build.0 = Release|Any CPU
		{E9384D1A-85D7-46B1-957A-C359638501F9}.Ad-Hoc|Any CPU.Deploy.0 = Release|Any CPU
		{E9384D1A-85D7-46B1-957A-C359638501F9}.Ad-Hoc|ARM.ActiveCfg = Release|Any CPU
		{E9384D1A-85D7-46B1-957A-C359638501F9}.Ad-Hoc|ARM.Build.0 = Release|Any CPU
		{E9384D1A-85D7-46B1-957A-C359638501F9}.Ad-Hoc|ARM.Deploy.0 = Release|Any CPU
		{E9384D1A-85D7-46B1-957A-C359638501F9}.Ad-Hoc|iPhone.ActiveCfg = Release|Any CPU
		{E9384D1A-85D7-46B1-957A-C359638501F9}.Ad-Hoc|iPhone.Build.0 = Release|Any CPU
		{E9384D1A-85D7-46B1-957A-C359638501F9}.Ad-Hoc|iPhone.Deploy.0 = Release|Any CPU
		{E9384D1A-85D7-46B1-957A-C359638501F9}.Ad-Hoc|iPhoneSimulator.ActiveCfg = Release|Any CPU
		{E9384D1A-85D7-46B1-957A-C359638501F9}.Ad-Hoc|iPhoneSimulator.Build.0 = Release|Any CPU
		{E9384D1A-85D7-46B1-957A-C359638501F9}.Ad-Hoc|iPhoneSimulator.Deploy.0 = Release|Any CPU
		{E9384D1A-85D7-46B1-957A-C359638501F9}.Ad-Hoc|x64.ActiveCfg = Release|Any CPU
		{E9384D1A-85D7-46B1-957A-C359638501F9}.Ad-Hoc|x64.Build.0 = Release|Any CPU
		{E9384D1A-85D7-46B1-957A-C359638501F9}.Ad-Hoc|x64.Deploy.0 = Release|Any CPU
		{E9384D1A-85D7-46B1-957A-C359638501F9}.Ad-Hoc|x86.ActiveCfg = Release|Any CPU
		{E9384D1A-85D7-46B1-957A-C359638501F9}.Ad-Hoc|x86.Build.0 = Release|Any CPU
		{E9384D1A-85D7-46B1-957A-C359638501F9}.Ad-Hoc|x86.Deploy.0 = Release|Any CPU
		{E9384D1A-85D7-46B1-957A-C359638501F9}.AppStore|Any CPU.ActiveCfg = Release|Any CPU
		{E9384D1A-85D7-46B1-957A-C359638501F9}.AppStore|Any CPU.Build.0 = Release|Any CPU
		{E9384D1A-85D7-46B1-957A-C359638501F9}.AppStore|Any CPU.Deploy.0 = Release|Any CPU
		{E9384D1A-85D7-46B1-957A-C359638501F9}.AppStore|ARM.ActiveCfg = Release|Any CPU
		{E9384D1A-85D7-46B1-957A-C359638501F9}.AppStore|ARM.Build.0 = Release|Any CPU
		{E9384D1A-85D7-46B1-957A-C359638501F9}.AppStore|ARM.Deploy.0 = Release|Any CPU
		{E9384D1A-85D7-46B1-957A-C359638501F9}.AppStore|iPhone.ActiveCfg = Release|Any CPU
		{E9384D1A-85D7-46B1-957A-C359638501F9}.AppStore|iPhone.Build.0 = Release|Any CPU
		{E9384D1A-85D7-46B1-957A-C359638501F9}.AppStore|iPhone.Deploy.0 = Release|Any CPU
		{E9384D1A-85D7-46B1-957A-C359638501F9}.AppStore|iPhoneSimulator.ActiveCfg = Release|Any CPU
		{E9384D1A-85D7-46B1-957A-C359638501F9}.AppStore|iPhoneSimulator.Build.0 = Release|Any CPU
		{E9384D1A-85D7-46B1-957A-C359638501F9}.AppStore|iPhoneSimulator.Deploy.0 = Release|Any CPU
		{E9384D1A-85D7-46B1-957A-C359638501F9}.AppStore|x64.ActiveCfg = Release|Any CPU
		{E9384D1A-85D7-46B1-957A-C359638501F9}.AppStore|x64.Build.0 = Release|Any CPU
		{E9384D1A-85D7-46B1-957A-C359638501F9}.AppStore|x64.Deploy.0 = Release|Any CPU
		{E9384D1A-85D7-46B1-957A-C359638501F9}.AppStore|x86.ActiveCfg = Release|Any CPU
		{E9384D1A-85D7-46B1-957A-C359638501F9}.AppStore|x86.Build.0 = Release|Any CPU
		{E9384D1A-85D7-46B1-957A-C359638501F9}.AppStore|x86.Deploy.0 = Release|Any CPU
		{E9384D1A-85D7-46B1-957A-C359638501F9}.Debug|Any CPU.ActiveCfg = Debug|Any CPU
		{E9384D1A-85D7-46B1-957A-C359638501F9}.Debug|Any CPU.Build.0 = Debug|Any CPU
		{E9384D1A-85D7-46B1-957A-C359638501F9}.Debug|Any CPU.Deploy.0 = Debug|Any CPU
		{E9384D1A-85D7-46B1-957A-C359638501F9}.Debug|ARM.ActiveCfg = Debug|Any CPU
		{E9384D1A-85D7-46B1-957A-C359638501F9}.Debug|ARM.Build.0 = Debug|Any CPU
		{E9384D1A-85D7-46B1-957A-C359638501F9}.Debug|ARM.Deploy.0 = Debug|Any CPU
		{E9384D1A-85D7-46B1-957A-C359638501F9}.Debug|iPhone.ActiveCfg = Debug|Any CPU
		{E9384D1A-85D7-46B1-957A-C359638501F9}.Debug|iPhone.Build.0 = Debug|Any CPU
		{E9384D1A-85D7-46B1-957A-C359638501F9}.Debug|iPhone.Deploy.0 = Debug|Any CPU
		{E9384D1A-85D7-46B1-957A-C359638501F9}.Debug|iPhoneSimulator.ActiveCfg = Debug|Any CPU
		{E9384D1A-85D7-46B1-957A-C359638501F9}.Debug|iPhoneSimulator.Build.0 = Debug|Any CPU
		{E9384D1A-85D7-46B1-957A-C359638501F9}.Debug|iPhoneSimulator.Deploy.0 = Debug|Any CPU
		{E9384D1A-85D7-46B1-957A-C359638501F9}.Debug|x64.ActiveCfg = Debug|Any CPU
		{E9384D1A-85D7-46B1-957A-C359638501F9}.Debug|x64.Build.0 = Debug|Any CPU
		{E9384D1A-85D7-46B1-957A-C359638501F9}.Debug|x64.Deploy.0 = Debug|Any CPU
		{E9384D1A-85D7-46B1-957A-C359638501F9}.Debug|x86.ActiveCfg = Debug|Any CPU
		{E9384D1A-85D7-46B1-957A-C359638501F9}.Debug|x86.Build.0 = Debug|Any CPU
		{E9384D1A-85D7-46B1-957A-C359638501F9}.Debug|x86.Deploy.0 = Debug|Any CPU
		{E9384D1A-85D7-46B1-957A-C359638501F9}.Release|Any CPU.ActiveCfg = Release|Any CPU
		{E9384D1A-85D7-46B1-957A-C359638501F9}.Release|Any CPU.Build.0 = Release|Any CPU
		{E9384D1A-85D7-46B1-957A-C359638501F9}.Release|Any CPU.Deploy.0 = Release|Any CPU
		{E9384D1A-85D7-46B1-957A-C359638501F9}.Release|ARM.ActiveCfg = Release|Any CPU
		{E9384D1A-85D7-46B1-957A-C359638501F9}.Release|ARM.Build.0 = Release|Any CPU
		{E9384D1A-85D7-46B1-957A-C359638501F9}.Release|ARM.Deploy.0 = Release|Any CPU
		{E9384D1A-85D7-46B1-957A-C359638501F9}.Release|iPhone.ActiveCfg = Release|Any CPU
		{E9384D1A-85D7-46B1-957A-C359638501F9}.Release|iPhone.Build.0 = Release|Any CPU
		{E9384D1A-85D7-46B1-957A-C359638501F9}.Release|iPhone.Deploy.0 = Release|Any CPU
		{E9384D1A-85D7-46B1-957A-C359638501F9}.Release|iPhoneSimulator.ActiveCfg = Release|Any CPU
		{E9384D1A-85D7-46B1-957A-C359638501F9}.Release|iPhoneSimulator.Build.0 = Release|Any CPU
		{E9384D1A-85D7-46B1-957A-C359638501F9}.Release|iPhoneSimulator.Deploy.0 = Release|Any CPU
		{E9384D1A-85D7-46B1-957A-C359638501F9}.Release|x64.ActiveCfg = Release|Any CPU
		{E9384D1A-85D7-46B1-957A-C359638501F9}.Release|x64.Build.0 = Release|Any CPU
		{E9384D1A-85D7-46B1-957A-C359638501F9}.Release|x64.Deploy.0 = Release|Any CPU
		{E9384D1A-85D7-46B1-957A-C359638501F9}.Release|x86.ActiveCfg = Release|Any CPU
		{E9384D1A-85D7-46B1-957A-C359638501F9}.Release|x86.Build.0 = Release|Any CPU
		{E9384D1A-85D7-46B1-957A-C359638501F9}.Release|x86.Deploy.0 = Release|Any CPU
		{E9384D1A-85D7-46B1-957A-C359638501F9}.ReleaseTrial|Any CPU.ActiveCfg = Release|Any CPU
		{E9384D1A-85D7-46B1-957A-C359638501F9}.ReleaseTrial|Any CPU.Build.0 = Release|Any CPU
		{E9384D1A-85D7-46B1-957A-C359638501F9}.ReleaseTrial|Any CPU.Deploy.0 = Release|Any CPU
		{E9384D1A-85D7-46B1-957A-C359638501F9}.ReleaseTrial|ARM.ActiveCfg = Release|Any CPU
		{E9384D1A-85D7-46B1-957A-C359638501F9}.ReleaseTrial|ARM.Build.0 = Release|Any CPU
		{E9384D1A-85D7-46B1-957A-C359638501F9}.ReleaseTrial|ARM.Deploy.0 = Release|Any CPU
		{E9384D1A-85D7-46B1-957A-C359638501F9}.ReleaseTrial|iPhone.ActiveCfg = Release|Any CPU
		{E9384D1A-85D7-46B1-957A-C359638501F9}.ReleaseTrial|iPhone.Build.0 = Release|Any CPU
		{E9384D1A-85D7-46B1-957A-C359638501F9}.ReleaseTrial|iPhone.Deploy.0 = Release|Any CPU
		{E9384D1A-85D7-46B1-957A-C359638501F9}.ReleaseTrial|iPhoneSimulator.ActiveCfg = Release|Any CPU
		{E9384D1A-85D7-46B1-957A-C359638501F9}.ReleaseTrial|iPhoneSimulator.Build.0 = Release|Any CPU
		{E9384D1A-85D7-46B1-957A-C359638501F9}.ReleaseTrial|iPhoneSimulator.Deploy.0 = Release|Any CPU
		{E9384D1A-85D7-46B1-957A-C359638501F9}.ReleaseTrial|x64.ActiveCfg = Release|Any CPU
		{E9384D1A-85D7-46B1-957A-C359638501F9}.ReleaseTrial|x64.Build.0 = Release|Any CPU
		{E9384D1A-85D7-46B1-957A-C359638501F9}.ReleaseTrial|x64.Deploy.0 = Release|Any CPU
		{E9384D1A-85D7-46B1-957A-C359638501F9}.ReleaseTrial|x86.ActiveCfg = Release|Any CPU
		{E9384D1A-85D7-46B1-957A-C359638501F9}.ReleaseTrial|x86.Build.0 = Release|Any CPU
		{E9384D1A-85D7-46B1-957A-C359638501F9}.ReleaseTrial|x86.Deploy.0 = Release|Any CPU
		{F8F3AE7F-60BF-40A3-92C0-1DBC5508850E}.Ad-Hoc|Any CPU.ActiveCfg = Release|Any CPU
		{F8F3AE7F-60BF-40A3-92C0-1DBC5508850E}.Ad-Hoc|Any CPU.Build.0 = Release|Any CPU
		{F8F3AE7F-60BF-40A3-92C0-1DBC5508850E}.Ad-Hoc|ARM.ActiveCfg = Release|Any CPU
		{F8F3AE7F-60BF-40A3-92C0-1DBC5508850E}.Ad-Hoc|ARM.Build.0 = Release|Any CPU
		{F8F3AE7F-60BF-40A3-92C0-1DBC5508850E}.Ad-Hoc|iPhone.ActiveCfg = Release|Any CPU
		{F8F3AE7F-60BF-40A3-92C0-1DBC5508850E}.Ad-Hoc|iPhone.Build.0 = Release|Any CPU
		{F8F3AE7F-60BF-40A3-92C0-1DBC5508850E}.Ad-Hoc|iPhoneSimulator.ActiveCfg = Release|Any CPU
		{F8F3AE7F-60BF-40A3-92C0-1DBC5508850E}.Ad-Hoc|iPhoneSimulator.Build.0 = Release|Any CPU
		{F8F3AE7F-60BF-40A3-92C0-1DBC5508850E}.Ad-Hoc|x64.ActiveCfg = Release|Any CPU
		{F8F3AE7F-60BF-40A3-92C0-1DBC5508850E}.Ad-Hoc|x64.Build.0 = Release|Any CPU
		{F8F3AE7F-60BF-40A3-92C0-1DBC5508850E}.Ad-Hoc|x86.ActiveCfg = Release|Any CPU
		{F8F3AE7F-60BF-40A3-92C0-1DBC5508850E}.Ad-Hoc|x86.Build.0 = Release|Any CPU
		{F8F3AE7F-60BF-40A3-92C0-1DBC5508850E}.AppStore|Any CPU.ActiveCfg = Release|Any CPU
		{F8F3AE7F-60BF-40A3-92C0-1DBC5508850E}.AppStore|Any CPU.Build.0 = Release|Any CPU
		{F8F3AE7F-60BF-40A3-92C0-1DBC5508850E}.AppStore|ARM.ActiveCfg = Release|Any CPU
		{F8F3AE7F-60BF-40A3-92C0-1DBC5508850E}.AppStore|ARM.Build.0 = Release|Any CPU
		{F8F3AE7F-60BF-40A3-92C0-1DBC5508850E}.AppStore|iPhone.ActiveCfg = Release|Any CPU
		{F8F3AE7F-60BF-40A3-92C0-1DBC5508850E}.AppStore|iPhone.Build.0 = Release|Any CPU
		{F8F3AE7F-60BF-40A3-92C0-1DBC5508850E}.AppStore|iPhoneSimulator.ActiveCfg = Release|Any CPU
		{F8F3AE7F-60BF-40A3-92C0-1DBC5508850E}.AppStore|iPhoneSimulator.Build.0 = Release|Any CPU
		{F8F3AE7F-60BF-40A3-92C0-1DBC5508850E}.AppStore|x64.ActiveCfg = Release|Any CPU
		{F8F3AE7F-60BF-40A3-92C0-1DBC5508850E}.AppStore|x64.Build.0 = Release|Any CPU
		{F8F3AE7F-60BF-40A3-92C0-1DBC5508850E}.AppStore|x86.ActiveCfg = Release|Any CPU
		{F8F3AE7F-60BF-40A3-92C0-1DBC5508850E}.AppStore|x86.Build.0 = Release|Any CPU
		{F8F3AE7F-60BF-40A3-92C0-1DBC5508850E}.Debug|Any CPU.ActiveCfg = Debug|Any CPU
		{F8F3AE7F-60BF-40A3-92C0-1DBC5508850E}.Debug|Any CPU.Build.0 = Debug|Any CPU
		{F8F3AE7F-60BF-40A3-92C0-1DBC5508850E}.Debug|ARM.ActiveCfg = Debug|Any CPU
		{F8F3AE7F-60BF-40A3-92C0-1DBC5508850E}.Debug|ARM.Build.0 = Debug|Any CPU
		{F8F3AE7F-60BF-40A3-92C0-1DBC5508850E}.Debug|iPhone.ActiveCfg = Debug|Any CPU
		{F8F3AE7F-60BF-40A3-92C0-1DBC5508850E}.Debug|iPhone.Build.0 = Debug|Any CPU
		{F8F3AE7F-60BF-40A3-92C0-1DBC5508850E}.Debug|iPhoneSimulator.ActiveCfg = Debug|Any CPU
		{F8F3AE7F-60BF-40A3-92C0-1DBC5508850E}.Debug|iPhoneSimulator.Build.0 = Debug|Any CPU
		{F8F3AE7F-60BF-40A3-92C0-1DBC5508850E}.Debug|x64.ActiveCfg = Debug|Any CPU
		{F8F3AE7F-60BF-40A3-92C0-1DBC5508850E}.Debug|x64.Build.0 = Debug|Any CPU
		{F8F3AE7F-60BF-40A3-92C0-1DBC5508850E}.Debug|x86.ActiveCfg = Debug|Any CPU
		{F8F3AE7F-60BF-40A3-92C0-1DBC5508850E}.Debug|x86.Build.0 = Debug|Any CPU
		{F8F3AE7F-60BF-40A3-92C0-1DBC5508850E}.Release|Any CPU.ActiveCfg = Release|Any CPU
		{F8F3AE7F-60BF-40A3-92C0-1DBC5508850E}.Release|Any CPU.Build.0 = Release|Any CPU
		{F8F3AE7F-60BF-40A3-92C0-1DBC5508850E}.Release|ARM.ActiveCfg = Release|Any CPU
		{F8F3AE7F-60BF-40A3-92C0-1DBC5508850E}.Release|ARM.Build.0 = Release|Any CPU
		{F8F3AE7F-60BF-40A3-92C0-1DBC5508850E}.Release|iPhone.ActiveCfg = Release|Any CPU
		{F8F3AE7F-60BF-40A3-92C0-1DBC5508850E}.Release|iPhone.Build.0 = Release|Any CPU
		{F8F3AE7F-60BF-40A3-92C0-1DBC5508850E}.Release|iPhoneSimulator.ActiveCfg = Release|Any CPU
		{F8F3AE7F-60BF-40A3-92C0-1DBC5508850E}.Release|iPhoneSimulator.Build.0 = Release|Any CPU
		{F8F3AE7F-60BF-40A3-92C0-1DBC5508850E}.Release|x64.ActiveCfg = Release|Any CPU
		{F8F3AE7F-60BF-40A3-92C0-1DBC5508850E}.Release|x64.Build.0 = Release|Any CPU
		{F8F3AE7F-60BF-40A3-92C0-1DBC5508850E}.Release|x86.ActiveCfg = Release|Any CPU
		{F8F3AE7F-60BF-40A3-92C0-1DBC5508850E}.Release|x86.Build.0 = Release|Any CPU
		{F8F3AE7F-60BF-40A3-92C0-1DBC5508850E}.ReleaseTrial|Any CPU.ActiveCfg = Release|Any CPU
		{F8F3AE7F-60BF-40A3-92C0-1DBC5508850E}.ReleaseTrial|Any CPU.Build.0 = Release|Any CPU
		{F8F3AE7F-60BF-40A3-92C0-1DBC5508850E}.ReleaseTrial|ARM.ActiveCfg = Release|Any CPU
		{F8F3AE7F-60BF-40A3-92C0-1DBC5508850E}.ReleaseTrial|ARM.Build.0 = Release|Any CPU
		{F8F3AE7F-60BF-40A3-92C0-1DBC5508850E}.ReleaseTrial|iPhone.ActiveCfg = Release|Any CPU
		{F8F3AE7F-60BF-40A3-92C0-1DBC5508850E}.ReleaseTrial|iPhone.Build.0 = Release|Any CPU
		{F8F3AE7F-60BF-40A3-92C0-1DBC5508850E}.ReleaseTrial|iPhoneSimulator.ActiveCfg = Release|Any CPU
		{F8F3AE7F-60BF-40A3-92C0-1DBC5508850E}.ReleaseTrial|iPhoneSimulator.Build.0 = Release|Any CPU
		{F8F3AE7F-60BF-40A3-92C0-1DBC5508850E}.ReleaseTrial|x64.ActiveCfg = Release|Any CPU
		{F8F3AE7F-60BF-40A3-92C0-1DBC5508850E}.ReleaseTrial|x64.Build.0 = Release|Any CPU
		{F8F3AE7F-60BF-40A3-92C0-1DBC5508850E}.ReleaseTrial|x86.ActiveCfg = Release|Any CPU
		{F8F3AE7F-60BF-40A3-92C0-1DBC5508850E}.ReleaseTrial|x86.Build.0 = Release|Any CPU
		{36E4B1F7-8024-4597-B763-B32610C057F2}.Ad-Hoc|Any CPU.ActiveCfg = Ad-Hoc|iPhone
		{36E4B1F7-8024-4597-B763-B32610C057F2}.Ad-Hoc|ARM.ActiveCfg = Ad-Hoc|iPhone
		{36E4B1F7-8024-4597-B763-B32610C057F2}.Ad-Hoc|iPhone.ActiveCfg = Ad-Hoc|iPhone
		{36E4B1F7-8024-4597-B763-B32610C057F2}.Ad-Hoc|iPhone.Build.0 = Ad-Hoc|iPhone
		{36E4B1F7-8024-4597-B763-B32610C057F2}.Ad-Hoc|iPhoneSimulator.ActiveCfg = Ad-Hoc|iPhoneSimulator
		{36E4B1F7-8024-4597-B763-B32610C057F2}.Ad-Hoc|iPhoneSimulator.Build.0 = Ad-Hoc|iPhoneSimulator
		{36E4B1F7-8024-4597-B763-B32610C057F2}.Ad-Hoc|x64.ActiveCfg = Ad-Hoc|iPhone
		{36E4B1F7-8024-4597-B763-B32610C057F2}.Ad-Hoc|x86.ActiveCfg = Ad-Hoc|iPhone
		{36E4B1F7-8024-4597-B763-B32610C057F2}.AppStore|Any CPU.ActiveCfg = AppStore|iPhone
		{36E4B1F7-8024-4597-B763-B32610C057F2}.AppStore|ARM.ActiveCfg = AppStore|iPhone
		{36E4B1F7-8024-4597-B763-B32610C057F2}.AppStore|iPhone.ActiveCfg = AppStore|iPhone
		{36E4B1F7-8024-4597-B763-B32610C057F2}.AppStore|iPhone.Build.0 = AppStore|iPhone
		{36E4B1F7-8024-4597-B763-B32610C057F2}.AppStore|iPhoneSimulator.ActiveCfg = AppStore|iPhoneSimulator
		{36E4B1F7-8024-4597-B763-B32610C057F2}.AppStore|iPhoneSimulator.Build.0 = AppStore|iPhoneSimulator
		{36E4B1F7-8024-4597-B763-B32610C057F2}.AppStore|x64.ActiveCfg = AppStore|iPhone
		{36E4B1F7-8024-4597-B763-B32610C057F2}.AppStore|x86.ActiveCfg = AppStore|iPhone
		{36E4B1F7-8024-4597-B763-B32610C057F2}.Debug|Any CPU.ActiveCfg = Debug|iPhone
		{36E4B1F7-8024-4597-B763-B32610C057F2}.Debug|ARM.ActiveCfg = Debug|iPhone
		{36E4B1F7-8024-4597-B763-B32610C057F2}.Debug|iPhone.ActiveCfg = Debug|iPhone
		{36E4B1F7-8024-4597-B763-B32610C057F2}.Debug|iPhone.Build.0 = Debug|iPhone
		{36E4B1F7-8024-4597-B763-B32610C057F2}.Debug|iPhoneSimulator.ActiveCfg = Debug|iPhoneSimulator
		{36E4B1F7-8024-4597-B763-B32610C057F2}.Debug|iPhoneSimulator.Build.0 = Debug|iPhoneSimulator
		{36E4B1F7-8024-4597-B763-B32610C057F2}.Debug|x64.ActiveCfg = Debug|iPhone
		{36E4B1F7-8024-4597-B763-B32610C057F2}.Debug|x86.ActiveCfg = Debug|iPhone
		{36E4B1F7-8024-4597-B763-B32610C057F2}.Release|Any CPU.ActiveCfg = Release|iPhone
		{36E4B1F7-8024-4597-B763-B32610C057F2}.Release|ARM.ActiveCfg = Release|iPhone
		{36E4B1F7-8024-4597-B763-B32610C057F2}.Release|iPhone.ActiveCfg = Release|iPhone
		{36E4B1F7-8024-4597-B763-B32610C057F2}.Release|iPhone.Build.0 = Release|iPhone
		{36E4B1F7-8024-4597-B763-B32610C057F2}.Release|iPhoneSimulator.ActiveCfg = Release|iPhoneSimulator
		{36E4B1F7-8024-4597-B763-B32610C057F2}.Release|iPhoneSimulator.Build.0 = Release|iPhoneSimulator
		{36E4B1F7-8024-4597-B763-B32610C057F2}.Release|x64.ActiveCfg = Release|iPhone
		{36E4B1F7-8024-4597-B763-B32610C057F2}.Release|x86.ActiveCfg = Release|iPhone
		{36E4B1F7-8024-4597-B763-B32610C057F2}.ReleaseTrial|Any CPU.ActiveCfg = Release|iPhone
		{36E4B1F7-8024-4597-B763-B32610C057F2}.ReleaseTrial|Any CPU.Build.0 = Release|iPhone
		{36E4B1F7-8024-4597-B763-B32610C057F2}.ReleaseTrial|ARM.ActiveCfg = Release|iPhoneSimulator
		{36E4B1F7-8024-4597-B763-B32610C057F2}.ReleaseTrial|ARM.Build.0 = Release|iPhoneSimulator
		{36E4B1F7-8024-4597-B763-B32610C057F2}.ReleaseTrial|iPhone.ActiveCfg = Release|iPhone
		{36E4B1F7-8024-4597-B763-B32610C057F2}.ReleaseTrial|iPhone.Build.0 = Release|iPhone
		{36E4B1F7-8024-4597-B763-B32610C057F2}.ReleaseTrial|iPhoneSimulator.ActiveCfg = Release|iPhoneSimulator
		{36E4B1F7-8024-4597-B763-B32610C057F2}.ReleaseTrial|iPhoneSimulator.Build.0 = Release|iPhoneSimulator
		{36E4B1F7-8024-4597-B763-B32610C057F2}.ReleaseTrial|x64.ActiveCfg = Release|iPhoneSimulator
		{36E4B1F7-8024-4597-B763-B32610C057F2}.ReleaseTrial|x64.Build.0 = Release|iPhoneSimulator
		{36E4B1F7-8024-4597-B763-B32610C057F2}.ReleaseTrial|x86.ActiveCfg = Release|iPhoneSimulator
		{36E4B1F7-8024-4597-B763-B32610C057F2}.ReleaseTrial|x86.Build.0 = Release|iPhoneSimulator
	EndGlobalSection
	GlobalSection(SolutionProperties) = preSolution
		HideSolutionNode = FALSE
	EndGlobalSection
	GlobalSection(NestedProjects) = preSolution
		{AA02DFC7-7449-4ADC-82A0-CB2FD7716327} = {C605B664-92F5-4B64-B69A-6B921A9A704F}
		{7D8C4EBC-98C8-42FF-BA7D-B67908A4A6DB} = {C605B664-92F5-4B64-B69A-6B921A9A704F}
		{E9384D1A-85D7-46B1-957A-C359638501F9} = {7D8C4EBC-98C8-42FF-BA7D-B67908A4A6DB}
		{F8F3AE7F-60BF-40A3-92C0-1DBC5508850E} = {7D8C4EBC-98C8-42FF-BA7D-B67908A4A6DB}
		{36E4B1F7-8024-4597-B763-B32610C057F2} = {7D8C4EBC-98C8-42FF-BA7D-B67908A4A6DB}
	EndGlobalSection
	GlobalSection(ExtensibilityGlobals) = postSolution
		SolutionGuid = {B4CF5BDC-0CAA-4B6F-B1F7-9001A9B2E058}
	EndGlobalSection
EndGlobal
